// !$*UTF8*$!
{
	archiveVersion = 1;
	classes = {
	};
	objectVersion = 48;
	objects = {

/* Begin PBXBuildFile section */
		5839FB89200363990083627A /* AppDelegate.m in Sources */ = {isa = PBXBuildFile; fileRef = 5839FB88200363990083627A /* AppDelegate.m */; };
		5839FB8C200363990083627A /* ViewController.m in Sources */ = {isa = PBXBuildFile; fileRef = 5839FB8B200363990083627A /* ViewController.m */; };
		5839FB8F200363990083627A /* Main.storyboard in Resources */ = {isa = PBXBuildFile; fileRef = 5839FB8D200363990083627A /* Main.storyboard */; };
		5839FB91200363990083627A /* Assets.xcassets in Resources */ = {isa = PBXBuildFile; fileRef = 5839FB90200363990083627A /* Assets.xcassets */; };
		5839FB94200363990083627A /* LaunchScreen.storyboard in Resources */ = {isa = PBXBuildFile; fileRef = 5839FB92200363990083627A /* LaunchScreen.storyboard */; };
		5839FB97200363990083627A /* main.m in Sources */ = {isa = PBXBuildFile; fileRef = 5839FB96200363990083627A /* main.m */; };
		5839FBBA200368EF0083627A /* SCCollectionSectionFooterView.m in Sources */ = {isa = PBXBuildFile; fileRef = 5839FBB4200368ED0083627A /* SCCollectionSectionFooterView.m */; };
		5839FBBB200368EF0083627A /* SCCollectionSectionHeaderView.m in Sources */ = {isa = PBXBuildFile; fileRef = 5839FBB7200368EE0083627A /* SCCollectionSectionHeaderView.m */; };
		5839FBBC200368EF0083627A /* SCCutomCollectionViewCell.m in Sources */ = {isa = PBXBuildFile; fileRef = 5839FBB9200368EE0083627A /* SCCutomCollectionViewCell.m */; };
		5839FBD320036BC20083627A /* YHCollectionViewAdapter.m in Sources */ = {isa = PBXBuildFile; fileRef = 5839FBC320036BC20083627A /* YHCollectionViewAdapter.m */; };
		5839FBD420036BC20083627A /* YHCollectionViewCellModel.m in Sources */ = {isa = PBXBuildFile; fileRef = 5839FBC520036BC20083627A /* YHCollectionViewCellModel.m */; };
		5839FBD520036BC20083627A /* YHCollectionViewController.m in Sources */ = {isa = PBXBuildFile; fileRef = 5839FBC720036BC20083627A /* YHCollectionViewController.m */; };
		5839FBD620036BC20083627A /* YHCollectionViewSectionModel.m in Sources */ = {isa = PBXBuildFile; fileRef = 5839FBCA20036BC20083627A /* YHCollectionViewSectionModel.m */; };
		5839FBD720036BC20083627A /* MessageInterceptor.m in Sources */ = {isa = PBXBuildFile; fileRef = 5839FBCD20036BC20083627A /* MessageInterceptor.m */; };
		5839FBD820036BC20083627A /* UIDevice+YHouse.m in Sources */ = {isa = PBXBuildFile; fileRef = 5839FBCF20036BC20083627A /* UIDevice+YHouse.m */; };
		5839FBD920036BC20083627A /* YHCollectionViewAdapter+LayoutAttributes.m in Sources */ = {isa = PBXBuildFile; fileRef = 5839FBD220036BC20083627A /* YHCollectionViewAdapter+LayoutAttributes.m */; };
		B75AD42ED93390875D17FCD4 /* libPods-Example.a in Frameworks */ = {isa = PBXBuildFile; fileRef = C42A255CB27DD61B67667F5D /* libPods-Example.a */; };
/* End PBXBuildFile section */

/* Begin PBXFileReference section */
		45ADFCDF4FD9045EEC49D94C /* Pods-Example.release.xcconfig */ = {isa = PBXFileReference; includeInIndex = 1; lastKnownFileType = text.xcconfig; name = "Pods-Example.release.xcconfig"; path = "Pods/Target Support Files/Pods-Example/Pods-Example.release.xcconfig"; sourceTree = "<group>"; };
		5839FB84200363990083627A /* Example.app */ = {isa = PBXFileReference; explicitFileType = wrapper.application; includeInIndex = 0; path = Example.app; sourceTree = BUILT_PRODUCTS_DIR; };
		5839FB87200363990083627A /* AppDelegate.h */ = {isa = PBXFileReference; lastKnownFileType = sourcecode.c.h; path = AppDelegate.h; sourceTree = "<group>"; };
		5839FB88200363990083627A /* AppDelegate.m */ = {isa = PBXFileReference; lastKnownFileType = sourcecode.c.objc; path = AppDelegate.m; sourceTree = "<group>"; };
		5839FB8A200363990083627A /* ViewController.h */ = {isa = PBXFileReference; lastKnownFileType = sourcecode.c.h; path = ViewController.h; sourceTree = "<group>"; };
		5839FB8B200363990083627A /* ViewController.m */ = {isa = PBXFileReference; lastKnownFileType = sourcecode.c.objc; path = ViewController.m; sourceTree = "<group>"; };
		5839FB8E200363990083627A /* Base */ = {isa = PBXFileReference; lastKnownFileType = file.storyboard; name = Base; path = Base.lproj/Main.storyboard; sourceTree = "<group>"; };
		5839FB90200363990083627A /* Assets.xcassets */ = {isa = PBXFileReference; lastKnownFileType = folder.assetcatalog; path = Assets.xcassets; sourceTree = "<group>"; };
		5839FB93200363990083627A /* Base */ = {isa = PBXFileReference; lastKnownFileType = file.storyboard; name = Base; path = Base.lproj/LaunchScreen.storyboard; sourceTree = "<group>"; };
		5839FB95200363990083627A /* Info.plist */ = {isa = PBXFileReference; lastKnownFileType = text.plist.xml; path = Info.plist; sourceTree = "<group>"; };
		5839FB96200363990083627A /* main.m */ = {isa = PBXFileReference; lastKnownFileType = sourcecode.c.objc; path = main.m; sourceTree = "<group>"; };
		5839FBB4200368ED0083627A /* SCCollectionSectionFooterView.m */ = {isa = PBXFileReference; fileEncoding = 4; lastKnownFileType = sourcecode.c.objc; path = SCCollectionSectionFooterView.m; sourceTree = "<group>"; };
		5839FBB5200368ED0083627A /* SCCollectionSectionFooterView.h */ = {isa = PBXFileReference; fileEncoding = 4; lastKnownFileType = sourcecode.c.h; path = SCCollectionSectionFooterView.h; sourceTree = "<group>"; };
		5839FBB6200368ED0083627A /* SCCollectionSectionHeaderView.h */ = {isa = PBXFileReference; fileEncoding = 4; lastKnownFileType = sourcecode.c.h; path = SCCollectionSectionHeaderView.h; sourceTree = "<group>"; };
		5839FBB7200368EE0083627A /* SCCollectionSectionHeaderView.m */ = {isa = PBXFileReference; fileEncoding = 4; lastKnownFileType = sourcecode.c.objc; path = SCCollectionSectionHeaderView.m; sourceTree = "<group>"; };
		5839FBB8200368EE0083627A /* SCCutomCollectionViewCell.h */ = {isa = PBXFileReference; fileEncoding = 4; lastKnownFileType = sourcecode.c.h; path = SCCutomCollectionViewCell.h; sourceTree = "<group>"; };
		5839FBB9200368EE0083627A /* SCCutomCollectionViewCell.m */ = {isa = PBXFileReference; fileEncoding = 4; lastKnownFileType = sourcecode.c.objc; path = SCCutomCollectionViewCell.m; sourceTree = "<group>"; };
		5839FBC220036BC20083627A /* YHCollectionViewAdapter.h */ = {isa = PBXFileReference; fileEncoding = 4; lastKnownFileType = sourcecode.c.h; path = YHCollectionViewAdapter.h; sourceTree = "<group>"; };
		5839FBC320036BC20083627A /* YHCollectionViewAdapter.m */ = {isa = PBXFileReference; fileEncoding = 4; lastKnownFileType = sourcecode.c.objc; path = YHCollectionViewAdapter.m; sourceTree = "<group>"; };
		5839FBC420036BC20083627A /* YHCollectionViewCellModel.h */ = {isa = PBXFileReference; fileEncoding = 4; lastKnownFileType = sourcecode.c.h; path = YHCollectionViewCellModel.h; sourceTree = "<group>"; };
		5839FBC520036BC20083627A /* YHCollectionViewCellModel.m */ = {isa = PBXFileReference; fileEncoding = 4; lastKnownFileType = sourcecode.c.objc; path = YHCollectionViewCellModel.m; sourceTree = "<group>"; };
		5839FBC620036BC20083627A /* YHCollectionViewController.h */ = {isa = PBXFileReference; fileEncoding = 4; lastKnownFileType = sourcecode.c.h; path = YHCollectionViewController.h; sourceTree = "<group>"; };
		5839FBC720036BC20083627A /* YHCollectionViewController.m */ = {isa = PBXFileReference; fileEncoding = 4; lastKnownFileType = sourcecode.c.objc; path = YHCollectionViewController.m; sourceTree = "<group>"; };
		5839FBC820036BC20083627A /* YHCollectionViewProtocols.h */ = {isa = PBXFileReference; fileEncoding = 4; lastKnownFileType = sourcecode.c.h; path = YHCollectionViewProtocols.h; sourceTree = "<group>"; };
		5839FBC920036BC20083627A /* YHCollectionViewSectionModel.h */ = {isa = PBXFileReference; fileEncoding = 4; lastKnownFileType = sourcecode.c.h; path = YHCollectionViewSectionModel.h; sourceTree = "<group>"; };
		5839FBCA20036BC20083627A /* YHCollectionViewSectionModel.m */ = {isa = PBXFileReference; fileEncoding = 4; lastKnownFileType = sourcecode.c.objc; path = YHCollectionViewSectionModel.m; sourceTree = "<group>"; };
		5839FBCC20036BC20083627A /* MessageInterceptor.h */ = {isa = PBXFileReference; fileEncoding = 4; lastKnownFileType = sourcecode.c.h; path = MessageInterceptor.h; sourceTree = "<group>"; };
		5839FBCD20036BC20083627A /* MessageInterceptor.m */ = {isa = PBXFileReference; fileEncoding = 4; lastKnownFileType = sourcecode.c.objc; path = MessageInterceptor.m; sourceTree = "<group>"; };
		5839FBCE20036BC20083627A /* UIDevice+YHouse.h */ = {isa = PBXFileReference; fileEncoding = 4; lastKnownFileType = sourcecode.c.h; path = "UIDevice+YHouse.h"; sourceTree = "<group>"; };
		5839FBCF20036BC20083627A /* UIDevice+YHouse.m */ = {isa = PBXFileReference; fileEncoding = 4; lastKnownFileType = sourcecode.c.objc; path = "UIDevice+YHouse.m"; sourceTree = "<group>"; };
		5839FBD120036BC20083627A /* YHCollectionViewAdapter+LayoutAttributes.h */ = {isa = PBXFileReference; fileEncoding = 4; lastKnownFileType = sourcecode.c.h; path = "YHCollectionViewAdapter+LayoutAttributes.h"; sourceTree = "<group>"; };
		5839FBD220036BC20083627A /* YHCollectionViewAdapter+LayoutAttributes.m */ = {isa = PBXFileReference; fileEncoding = 4; lastKnownFileType = sourcecode.c.objc; path = "YHCollectionViewAdapter+LayoutAttributes.m"; sourceTree = "<group>"; };
		B60FE77C27CEEDEB2F14EACF /* Pods-Example.debug.xcconfig */ = {isa = PBXFileReference; includeInIndex = 1; lastKnownFileType = text.xcconfig; name = "Pods-Example.debug.xcconfig"; path = "Pods/Target Support Files/Pods-Example/Pods-Example.debug.xcconfig"; sourceTree = "<group>"; };
		C42A255CB27DD61B67667F5D /* libPods-Example.a */ = {isa = PBXFileReference; explicitFileType = archive.ar; includeInIndex = 0; path = "libPods-Example.a"; sourceTree = BUILT_PRODUCTS_DIR; };
/* End PBXFileReference section */

/* Begin PBXFrameworksBuildPhase section */
		5839FB81200363990083627A /* Frameworks */ = {
			isa = PBXFrameworksBuildPhase;
			buildActionMask = 2147483647;
			files = (
				B75AD42ED93390875D17FCD4 /* libPods-Example.a in Frameworks */,
			);
			runOnlyForDeploymentPostprocessing = 0;
		};
/* End PBXFrameworksBuildPhase section */

/* Begin PBXGroup section */
		5839FB7B200363990083627A = {
			isa = PBXGroup;
			children = (
				5839FB86200363990083627A /* Example */,
				5839FB85200363990083627A /* Products */,
				C3B25305D78E1E7CD94ADF4C /* Pods */,
				C6431629B2E77E683EDEDD2C /* Frameworks */,
			);
			sourceTree = "<group>";
		};
		5839FB85200363990083627A /* Products */ = {
			isa = PBXGroup;
			children = (
				5839FB84200363990083627A /* Example.app */,
			);
			name = Products;
			sourceTree = "<group>";
		};
		5839FB86200363990083627A /* Example */ = {
			isa = PBXGroup;
			children = (
				5839FBC020036BC20083627A /* YHListKit */,
				5839FB87200363990083627A /* AppDelegate.h */,
				5839FB88200363990083627A /* AppDelegate.m */,
				5839FB8A200363990083627A /* ViewController.h */,
				5839FB8B200363990083627A /* ViewController.m */,
				58FDB3372022E159006FC542 /* Classes */,
				5839FB8D200363990083627A /* Main.storyboard */,
				5839FB90200363990083627A /* Assets.xcassets */,
				5839FB92200363990083627A /* LaunchScreen.storyboard */,
				5839FB95200363990083627A /* Info.plist */,
				5839FB96200363990083627A /* main.m */,
			);
			path = Example;
			sourceTree = "<group>";
		};
		5839FBC020036BC20083627A /* YHListKit */ = {
			isa = PBXGroup;
			children = (
				5839FBC120036BC20083627A /* Core */,
				5839FBCB20036BC20083627A /* Helper */,
				5839FBD020036BC20083627A /* Other */,
			);
			name = YHListKit;
			path = ../../YHListKit;
			sourceTree = "<group>";
		};
		5839FBC120036BC20083627A /* Core */ = {
			isa = PBXGroup;
			children = (
				5839FBC220036BC20083627A /* YHCollectionViewAdapter.h */,
				5839FBC320036BC20083627A /* YHCollectionViewAdapter.m */,
				5839FBC420036BC20083627A /* YHCollectionViewCellModel.h */,
				5839FBC520036BC20083627A /* YHCollectionViewCellModel.m */,
				5839FBC820036BC20083627A /* YHCollectionViewProtocols.h */,
				5839FBC920036BC20083627A /* YHCollectionViewSectionModel.h */,
				5839FBCA20036BC20083627A /* YHCollectionViewSectionModel.m */,
			);
			path = Core;
			sourceTree = "<group>";
		};
		5839FBCB20036BC20083627A /* Helper */ = {
			isa = PBXGroup;
			children = (
				5839FBCC20036BC20083627A /* MessageInterceptor.h */,
				5839FBCD20036BC20083627A /* MessageInterceptor.m */,
				5839FBCE20036BC20083627A /* UIDevice+YHouse.h */,
				5839FBCF20036BC20083627A /* UIDevice+YHouse.m */,
			);
			path = Helper;
			sourceTree = "<group>";
		};
		5839FBD020036BC20083627A /* Other */ = {
			isa = PBXGroup;
			children = (
				5839FBD120036BC20083627A /* YHCollectionViewAdapter+LayoutAttributes.h */,
				5839FBD220036BC20083627A /* YHCollectionViewAdapter+LayoutAttributes.m */,
			);
			path = Other;
			sourceTree = "<group>";
		};
		58FDB3372022E159006FC542 /* Classes */ = {
			isa = PBXGroup;
			children = (
				5839FBC620036BC20083627A /* YHCollectionViewController.h */,
				5839FBC720036BC20083627A /* YHCollectionViewController.m */,
				5839FBB5200368ED0083627A /* SCCollectionSectionFooterView.h */,
				5839FBB4200368ED0083627A /* SCCollectionSectionFooterView.m */,
				5839FBB6200368ED0083627A /* SCCollectionSectionHeaderView.h */,
				5839FBB7200368EE0083627A /* SCCollectionSectionHeaderView.m */,
				5839FBB8200368EE0083627A /* SCCutomCollectionViewCell.h */,
				5839FBB9200368EE0083627A /* SCCutomCollectionViewCell.m */,
			);
			name = Classes;
			sourceTree = "<group>";
		};
		C3B25305D78E1E7CD94ADF4C /* Pods */ = {
			isa = PBXGroup;
			children = (
				B60FE77C27CEEDEB2F14EACF /* Pods-Example.debug.xcconfig */,
				45ADFCDF4FD9045EEC49D94C /* Pods-Example.release.xcconfig */,
			);
			name = Pods;
			sourceTree = "<group>";
		};
		C6431629B2E77E683EDEDD2C /* Frameworks */ = {
			isa = PBXGroup;
			children = (
				C42A255CB27DD61B67667F5D /* libPods-Example.a */,
			);
			name = Frameworks;
			sourceTree = "<group>";
		};
/* End PBXGroup section */

/* Begin PBXNativeTarget section */
		5839FB83200363990083627A /* Example */ = {
			isa = PBXNativeTarget;
			buildConfigurationList = 5839FB9A200363990083627A /* Build configuration list for PBXNativeTarget "Example" */;
			buildPhases = (
				DB3B3E3449586C7613EB4451 /* [CP] Check Pods Manifest.lock */,
				5839FB80200363990083627A /* Sources */,
				5839FB81200363990083627A /* Frameworks */,
				5839FB82200363990083627A /* Resources */,
				A608617975593AB70148E89E /* [CP] Embed Pods Frameworks */,
				4BAFA3F9618D4A1CE68B6863 /* [CP] Copy Pods Resources */,
			);
			buildRules = (
			);
			dependencies = (
			);
			name = Example;
			productName = Example;
			productReference = 5839FB84200363990083627A /* Example.app */;
			productType = "com.apple.product-type.application";
		};
/* End PBXNativeTarget section */

/* Begin PBXProject section */
		5839FB7C200363990083627A /* Project object */ = {
			isa = PBXProject;
			attributes = {
				LastUpgradeCheck = 0910;
				ORGANIZATIONNAME = ShannonChen;
				TargetAttributes = {
					5839FB83200363990083627A = {
						CreatedOnToolsVersion = 9.1;
						ProvisioningStyle = Manual;
					};
				};
			};
			buildConfigurationList = 5839FB7F200363990083627A /* Build configuration list for PBXProject "Example" */;
			compatibilityVersion = "Xcode 8.0";
			developmentRegion = en;
			hasScannedForEncodings = 0;
			knownRegions = (
				en,
				Base,
			);
			mainGroup = 5839FB7B200363990083627A;
			productRefGroup = 5839FB85200363990083627A /* Products */;
			projectDirPath = "";
			projectRoot = "";
			targets = (
				5839FB83200363990083627A /* Example */,
			);
		};
/* End PBXProject section */

/* Begin PBXResourcesBuildPhase section */
		5839FB82200363990083627A /* Resources */ = {
			isa = PBXResourcesBuildPhase;
			buildActionMask = 2147483647;
			files = (
				5839FB94200363990083627A /* LaunchScreen.storyboard in Resources */,
				5839FB91200363990083627A /* Assets.xcassets in Resources */,
				5839FB8F200363990083627A /* Main.storyboard in Resources */,
			);
			runOnlyForDeploymentPostprocessing = 0;
		};
/* End PBXResourcesBuildPhase section */

/* Begin PBXShellScriptBuildPhase section */
		4BAFA3F9618D4A1CE68B6863 /* [CP] Copy Pods Resources */ = {
			isa = PBXShellScriptBuildPhase;
			buildActionMask = 2147483647;
			files = (
			);
			inputPaths = (
				"${SRCROOT}/Pods/Target Support Files/Pods-Example/Pods-Example-resources.sh",
				"${PODS_ROOT}/MJRefresh/MJRefresh/MJRefresh.bundle",
			);
			name = "[CP] Copy Pods Resources";
			outputPaths = (
				"${TARGET_BUILD_DIR}/${UNLOCALIZED_RESOURCES_FOLDER_PATH}",
			);
			runOnlyForDeploymentPostprocessing = 0;
			shellPath = /bin/sh;
			shellScript = "\"${SRCROOT}/Pods/Target Support Files/Pods-Example/Pods-Example-resources.sh\"\n";
			showEnvVarsInLog = 0;
		};
		A608617975593AB70148E89E /* [CP] Embed Pods Frameworks */ = {
			isa = PBXShellScriptBuildPhase;
			buildActionMask = 2147483647;
			files = (
			);
			inputPaths = (
			);
			name = "[CP] Embed Pods Frameworks";
			outputPaths = (
			);
			runOnlyForDeploymentPostprocessing = 0;
			shellPath = /bin/sh;
			shellScript = "\"${SRCROOT}/Pods/Target Support Files/Pods-Example/Pods-Example-frameworks.sh\"\n";
			showEnvVarsInLog = 0;
		};
		DB3B3E3449586C7613EB4451 /* [CP] Check Pods Manifest.lock */ = {
			isa = PBXShellScriptBuildPhase;
			buildActionMask = 2147483647;
			files = (
			);
			inputPaths = (
				"${PODS_PODFILE_DIR_PATH}/Podfile.lock",
				"${PODS_ROOT}/Manifest.lock",
			);
			name = "[CP] Check Pods Manifest.lock";
			outputPaths = (
				"$(DERIVED_FILE_DIR)/Pods-Example-checkManifestLockResult.txt",
			);
			runOnlyForDeploymentPostprocessing = 0;
			shellPath = /bin/sh;
			shellScript = "diff \"${PODS_PODFILE_DIR_PATH}/Podfile.lock\" \"${PODS_ROOT}/Manifest.lock\" > /dev/null\nif [ $? != 0 ] ; then\n    # print error to STDERR\n    echo \"error: The sandbox is not in sync with the Podfile.lock. Run 'pod install' or update your CocoaPods installation.\" >&2\n    exit 1\nfi\n# This output is used by Xcode 'outputs' to avoid re-running this script phase.\necho \"SUCCESS\" > \"${SCRIPT_OUTPUT_FILE_0}\"\n";
			showEnvVarsInLog = 0;
		};
/* End PBXShellScriptBuildPhase section */

/* Begin PBXSourcesBuildPhase section */
		5839FB80200363990083627A /* Sources */ = {
			isa = PBXSourcesBuildPhase;
			buildActionMask = 2147483647;
			files = (
				5839FB8C200363990083627A /* ViewController.m in Sources */,
				5839FBD520036BC20083627A /* YHCollectionViewController.m in Sources */,
				5839FBD820036BC20083627A /* UIDevice+YHouse.m in Sources */,
				5839FBD720036BC20083627A /* MessageInterceptor.m in Sources */,
				5839FB97200363990083627A /* main.m in Sources */,
				5839FB89200363990083627A /* AppDelegate.m in Sources */,
				5839FBD320036BC20083627A /* YHCollectionViewAdapter.m in Sources */,
				5839FBBA200368EF0083627A /* SCCollectionSectionFooterView.m in Sources */,
				5839FBBB200368EF0083627A /* SCCollectionSectionHeaderView.m in Sources */,
				5839FBBC200368EF0083627A /* SCCutomCollectionViewCell.m in Sources */,
				5839FBD420036BC20083627A /* YHCollectionViewCellModel.m in Sources */,
				5839FBD620036BC20083627A /* YHCollectionViewSectionModel.m in Sources */,
				5839FBD920036BC20083627A /* YHCollectionViewAdapter+LayoutAttributes.m in Sources */,
			);
			runOnlyForDeploymentPostprocessing = 0;
		};
/* End PBXSourcesBuildPhase section */

/* Begin PBXVariantGroup section */
		5839FB8D200363990083627A /* Main.storyboard */ = {
			isa = PBXVariantGroup;
			children = (
				5839FB8E200363990083627A /* Base */,
			);
			name = Main.storyboard;
			sourceTree = "<group>";
		};
		5839FB92200363990083627A /* LaunchScreen.storyboard */ = {
			isa = PBXVariantGroup;
			children = (
				5839FB93200363990083627A /* Base */,
			);
			name = LaunchScreen.storyboard;
			sourceTree = "<group>";
		};
/* End PBXVariantGroup section */

/* Begin XCBuildConfiguration section */
		5839FB98200363990083627A /* Debug */ = {
			isa = XCBuildConfiguration;
			buildSettings = {
				ALWAYS_SEARCH_USER_PATHS = NO;
				CLANG_ANALYZER_NONNULL = YES;
				CLANG_ANALYZER_NUMBER_OBJECT_CONVERSION = YES_AGGRESSIVE;
				CLANG_CXX_LANGUAGE_STANDARD = "gnu++14";
				CLANG_CXX_LIBRARY = "libc++";
				CLANG_ENABLE_MODULES = YES;
				CLANG_ENABLE_OBJC_ARC = YES;
				CLANG_WARN_BLOCK_CAPTURE_AUTORELEASING = YES;
				CLANG_WARN_BOOL_CONVERSION = YES;
				CLANG_WARN_COMMA = YES;
				CLANG_WARN_CONSTANT_CONVERSION = YES;
				CLANG_WARN_DIRECT_OBJC_ISA_USAGE = YES_ERROR;
				CLANG_WARN_DOCUMENTATION_COMMENTS = YES;
				CLANG_WARN_EMPTY_BODY = YES;
				CLANG_WARN_ENUM_CONVERSION = YES;
				CLANG_WARN_INFINITE_RECURSION = YES;
				CLANG_WARN_INT_CONVERSION = YES;
				CLANG_WARN_NON_LITERAL_NULL_CONVERSION = YES;
				CLANG_WARN_OBJC_LITERAL_CONVERSION = YES;
				CLANG_WARN_OBJC_ROOT_CLASS = YES_ERROR;
				CLANG_WARN_RANGE_LOOP_ANALYSIS = YES;
				CLANG_WARN_STRICT_PROTOTYPES = YES;
				CLANG_WARN_SUSPICIOUS_MOVE = YES;
				CLANG_WARN_UNGUARDED_AVAILABILITY = YES_AGGRESSIVE;
				CLANG_WARN_UNREACHABLE_CODE = YES;
				CLANG_WARN__DUPLICATE_METHOD_MATCH = YES;
				CODE_SIGN_IDENTITY = "iPhone Developer";
				COPY_PHASE_STRIP = NO;
				DEBUG_INFORMATION_FORMAT = dwarf;
				ENABLE_STRICT_OBJC_MSGSEND = YES;
				ENABLE_TESTABILITY = YES;
				GCC_C_LANGUAGE_STANDARD = gnu11;
				GCC_DYNAMIC_NO_PIC = NO;
				GCC_NO_COMMON_BLOCKS = YES;
				GCC_OPTIMIZATION_LEVEL = 0;
				GCC_PREPROCESSOR_DEFINITIONS = (
					"DEBUG=1",
					"$(inherited)",
				);
				GCC_WARN_64_TO_32_BIT_CONVERSION = YES;
				GCC_WARN_ABOUT_RETURN_TYPE = YES_ERROR;
				GCC_WARN_UNDECLARED_SELECTOR = YES;
				GCC_WARN_UNINITIALIZED_AUTOS = YES_AGGRESSIVE;
				GCC_WARN_UNUSED_FUNCTION = YES;
				GCC_WARN_UNUSED_VARIABLE = YES;
				IPHONEOS_DEPLOYMENT_TARGET = 11.1;
				MTL_ENABLE_DEBUG_INFO = YES;
				ONLY_ACTIVE_ARCH = YES;
				SDKROOT = iphoneos;
			};
			name = Debug;
		};
		5839FB99200363990083627A /* Release */ = {
			isa = XCBuildConfiguration;
			buildSettings = {
				ALWAYS_SEARCH_USER_PATHS = NO;
				CLANG_ANALYZER_NONNULL = YES;
				CLANG_ANALYZER_NUMBER_OBJECT_CONVERSION = YES_AGGRESSIVE;
				CLANG_CXX_LANGUAGE_STANDARD = "gnu++14";
				CLANG_CXX_LIBRARY = "libc++";
				CLANG_ENABLE_MODULES = YES;
				CLANG_ENABLE_OBJC_ARC = YES;
				CLANG_WARN_BLOCK_CAPTURE_AUTORELEASING = YES;
				CLANG_WARN_BOOL_CONVERSION = YES;
				CLANG_WARN_COMMA = YES;
				CLANG_WARN_CONSTANT_CONVERSION = YES;
				CLANG_WARN_DIRECT_OBJC_ISA_USAGE = YES_ERROR;
				CLANG_WARN_DOCUMENTATION_COMMENTS = YES;
				CLANG_WARN_EMPTY_BODY = YES;
				CLANG_WARN_ENUM_CONVERSION = YES;
				CLANG_WARN_INFINITE_RECURSION = YES;
				CLANG_WARN_INT_CONVERSION = YES;
				CLANG_WARN_NON_LITERAL_NULL_CONVERSION = YES;
				CLANG_WARN_OBJC_LITERAL_CONVERSION = YES;
				CLANG_WARN_OBJC_ROOT_CLASS = YES_ERROR;
				CLANG_WARN_RANGE_LOOP_ANALYSIS = YES;
				CLANG_WARN_STRICT_PROTOTYPES = YES;
				CLANG_WARN_SUSPICIOUS_MOVE = YES;
				CLANG_WARN_UNGUARDED_AVAILABILITY = YES_AGGRESSIVE;
				CLANG_WARN_UNREACHABLE_CODE = YES;
				CLANG_WARN__DUPLICATE_METHOD_MATCH = YES;
				CODE_SIGN_IDENTITY = "iPhone Developer";
				COPY_PHASE_STRIP = NO;
				DEBUG_INFORMATION_FORMAT = "dwarf-with-dsym";
				ENABLE_NS_ASSERTIONS = NO;
				ENABLE_STRICT_OBJC_MSGSEND = YES;
				GCC_C_LANGUAGE_STANDARD = gnu11;
				GCC_NO_COMMON_BLOCKS = YES;
				GCC_WARN_64_TO_32_BIT_CONVERSION = YES;
				GCC_WARN_ABOUT_RETURN_TYPE = YES_ERROR;
				GCC_WARN_UNDECLARED_SELECTOR = YES;
				GCC_WARN_UNINITIALIZED_AUTOS = YES_AGGRESSIVE;
				GCC_WARN_UNUSED_FUNCTION = YES;
				GCC_WARN_UNUSED_VARIABLE = YES;
				IPHONEOS_DEPLOYMENT_TARGET = 11.1;
				MTL_ENABLE_DEBUG_INFO = NO;
				SDKROOT = iphoneos;
				VALIDATE_PRODUCT = YES;
			};
			name = Release;
		};
		5839FB9B200363990083627A /* Debug */ = {
			isa = XCBuildConfiguration;
			baseConfigurationReference = B60FE77C27CEEDEB2F14EACF /* Pods-Example.debug.xcconfig */;
			buildSettings = {
				ASSETCATALOG_COMPILER_APPICON_NAME = AppIcon;
				CODE_SIGN_STYLE = Manual;
				DEVELOPMENT_TEAM = "";
				INFOPLIST_FILE = Example/Info.plist;
				IPHONEOS_DEPLOYMENT_TARGET = 8.0;
				LD_RUNPATH_SEARCH_PATHS = "$(inherited) @executable_path/Frameworks";
				PRODUCT_BUNDLE_IDENTIFIER = com.shannon.com.Example;
				PRODUCT_NAME = "$(TARGET_NAME)";
				PROVISIONING_PROFILE_SPECIFIER = "";
				TARGETED_DEVICE_FAMILY = "1,2";
			};
			name = Debug;
		};
		5839FB9C200363990083627A /* Release */ = {
			isa = XCBuildConfiguration;
			baseConfigurationReference = 45ADFCDF4FD9045EEC49D94C /* Pods-Example.release.xcconfig */;
			buildSettings = {
				ASSETCATALOG_COMPILER_APPICON_NAME = AppIcon;
				CODE_SIGN_STYLE = Manual;
				DEVELOPMENT_TEAM = "";
				INFOPLIST_FILE = Example/Info.plist;
				IPHONEOS_DEPLOYMENT_TARGET = 8.0;
				LD_RUNPATH_SEARCH_PATHS = "$(inherited) @executable_path/Frameworks";
				PRODUCT_BUNDLE_IDENTIFIER = com.shannon.com.Example;
				PRODUCT_NAME = "$(TARGET_NAME)";
				PROVISIONING_PROFILE_SPECIFIER = "";
				TARGETED_DEVICE_FAMILY = "1,2";
			};
			name = Release;
		};
/* End XCBuildConfiguration section */

/* Begin XCConfigurationList section */
		5839FB7F200363990083627A /* Build configuration list for PBXProject "Example" */ = {
			isa = XCConfigurationList;
			buildConfigurations = (
				5839FB98200363990083627A /* Debug */,
				5839FB99200363990083627A /* Release */,
			);
			defaultConfigurationIsVisible = 0;
			defaultConfigurationName = Release;
		};
		5839FB9A200363990083627A /* Build configuration list for PBXNativeTarget "Example" */ = {
			isa = XCConfigurationList;
			buildConfigurations = (
				5839FB9B200363990083627A /* Debug */,
				5839FB9C200363990083627A /* Release */,
			);
			defaultConfigurationIsVisible = 0;
			defaultConfigurationName = Release;
		};
/* End XCConfigurationList section */
	};
	rootObject = 5839FB7C200363990083627A /* Project object */;
}
